
Microsoft Visual Studio Solution File, Format Version 12.00
# Visual Studio Version 16
VisualStudioVersion = 16.0.31005.135
MinimumVisualStudioVersion = 10.0.40219.1
Project("{9A19103F-16F7-4668-BE54-9A1E7A4F7556}") = "task_1", "task_1\task_1.csproj", "{B5B65C53-D8E0-4C46-9F6B-D6B0B7B8AEF6}"
EndProject
Project("{FAE04EC0-301F-11D3-BF4B-00C04F79EFBC}") = "task_2", "task_2\task_2.csproj", "{AC1D8DAE-6C15-4212-9657-EA1820617E6E}"
EndProject
Global
	GlobalSection(SolutionConfigurationPlatforms) = preSolution
		Debug|Any CPU = Debug|Any CPU
		Release|Any CPU = Release|Any CPU
	EndGlobalSection
	GlobalSection(ProjectConfigurationPlatforms) = postSolution
		{B5B65C53-D8E0-4C46-9F6B-D6B0B7B8AEF6}.Debug|Any CPU.ActiveCfg = Debug|Any CPU
		{B5B65C53-D8E0-4C46-9F6B-D6B0B7B8AEF6}.Debug|Any CPU.Build.0 = Debug|Any CPU
		{B5B65C53-D8E0-4C46-9F6B-D6B0B7B8AEF6}.Release|Any CPU.ActiveCfg = Release|Any CPU
		{B5B65C53-D8E0-4C46-9F6B-D6B0B7B8AEF6}.Release|Any CPU.Build.0 = Release|Any CPU
		{AC1D8DAE-6C15-4212-9657-EA1820617E6E}.Debug|Any CPU.ActiveCfg = Debug|Any CPU
		{AC1D8DAE-6C15-4212-9657-EA1820617E6E}.Debug|Any CPU.Build.0 = Debug|Any CPU
		{AC1D8DAE-6C15-4212-9657-EA1820617E6E}.Release|Any CPU.ActiveCfg = Release|Any CPU
		{AC1D8DAE-6C15-4212-9657-EA1820617E6E}.Release|Any CPU.Build.0 = Release|Any CPU
	EndGlobalSection
	GlobalSection(SolutionProperties) = preSolution
		HideSolutionNode = FALSE
	EndGlobalSection
	GlobalSection(ExtensibilityGlobals) = postSolution
		SolutionGuid = {6EBF474D-F5DD-45AC-9E3D-817759BC196C}
	EndGlobalSection
EndGlobal
